#MicroXplorer Configuration settings - do not modify
Mcu.Family=STM32F1
ProjectManager.MainLocation=Src
ProjectManager.ProjectFileName=dziendobry.ioc
ProjectManager.KeepUserCode=true
Mcu.UserName=STM32F103RBTx
Mcu.PinsNb=10
ProjectManager.NoMain=false
RCC.PLLCLKFreq_Value=8000000
ProjectManager.functionlistsort=1-MX_GPIO_Init-GPIO-false-HAL-true,2-SystemClock_Config-RCC-false-HAL-false
ProjectManager.DefaultFWLocation=true
ProjectManager.DeletePrevious=true
PC0.Signal=GPIO_Input
PC1.Locked=true
VP_SYS_VS_ND.Mode=No_Debug
PinOutPanel.RotationAngle=0
RCC.FamilyName=M
ProjectManager.StackSize=0x400
Mcu.IP2=SYS
NVIC.SVCall_IRQn=true\:0\:0\:false\:false\:true\:false\:false
SH.S_TIM2_CH2.0=TIM2_CH2
Mcu.IP0=NVIC
Mcu.IP1=RCC
Mcu.UserConstants=
ProjectManager.TargetToolchain=TrueSTUDIO
SH.S_TIM3_CH2.ConfNb=1
Mcu.ThirdPartyNb=0
Mcu.IPNb=3
ProjectManager.PreviousToolchain=TrueSTUDIO
PA9.Signal=USART1_TX
SH.S_TIM2_CH2.ConfNb=1
PB5.Locked=true
Mcu.Pin6=PB4
Mcu.Pin7=PB5
Mcu.Pin8=VP_SYS_VS_ND
Mcu.Pin9=VP_SYS_VS_Systick
PA1.Signal=S_TIM2_CH2
Mcu.Pin0=PC0
Mcu.Pin1=PC1
GPIO.groupedBy=
Mcu.Pin2=PA1
Mcu.Pin3=PA4
Mcu.Pin4=PA9
Mcu.Pin5=PA10
ProjectManager.ProjectBuild=false
SH.S_TIM3_CH2.0=TIM3_CH2
NVIC.UsageFault_IRQn=true\:0\:0\:false\:false\:true\:false\:false
NVIC.DebugMonitor_IRQn=true\:0\:0\:false\:false\:true\:false\:false
board=custom
PA4.Locked=true
NVIC.SysTick_IRQn=true\:0\:0\:false\:false\:true\:false\:true
ProjectManager.LastFirmware=true
ProjectManager.FirmwarePackage=STM32Cube FW_F1 V1.8.0
MxDb.Version=DB.5.0.60
RCC.APB2Freq_Value=8000000
ProjectManager.BackupPrevious=false
MxCube.Version=5.6.1
File.Version=6
VP_SYS_VS_Systick.Mode=SysTick
VP_SYS_VS_ND.Signal=SYS_VS_ND
PA9.Locked=true
NVIC.NonMaskableInt_IRQn=true\:0\:0\:false\:false\:true\:false\:false
NVIC.PendSV_IRQn=true\:0\:0\:false\:false\:true\:false\:false
ProjectManager.FreePins=false
RCC.IPParameters=APB1Freq_Value,APB2Freq_Value,FamilyName,PLLCLKFreq_Value,PLLMCOFreq_Value,TimSysFreq_Value
ProjectManager.AskForMigrate=true
Mcu.Name=STM32F103R(8-B)Tx
ProjectManager.HalAssertFull=false
ProjectManager.ProjectName=dziendobry
ProjectManager.UnderRoot=true
RCC.PLLMCOFreq_Value=4000000
ProjectManager.CoupleFile=false
PB4.Locked=true
PA4.Signal=GPIO_Input
Mcu.Package=LQFP64
PB5.Signal=S_TIM3_CH2
RCC.TimSysFreq_Value=8000000
PA1.Locked=true
PA10.Locked=true
NVIC.ForceEnableDMAVector=true
KeepUserPlacement=false
NVIC.MemoryManagement_IRQn=true\:0\:0\:false\:false\:true\:false\:false
ProjectManager.CompilerOptimize=6
ProjectManager.ToolChainLocation=
VP_SYS_VS_Systick.Signal=SYS_VS_Systick
PA10.Signal=USART1_RX
ProjectManager.HeapSize=0x200
NVIC.HardFault_IRQn=true\:0\:0\:false\:false\:true\:false\:false
ProjectManager.ComputerToolchain=false
NVIC.PriorityGroup=NVIC_PRIORITYGROUP_4
NVIC.BusFault_IRQn=true\:0\:0\:false\:false\:true\:false\:false
RCC.APB1Freq_Value=8000000
ProjectManager.CustomerFirmwarePackage=
PC0.Locked=true
ProjectManager.DeviceId=STM32F103RBTx
PC1.Signal=GPIO_Input
ProjectManager.LibraryCopy=1
PB4.Signal=GPIO_Input
